
Microsoft Visual Studio Solution File, Format Version 12.00
# Visual Studio Version 16
VisualStudioVersion = 16.0.29306.81
MinimumVisualStudioVersion = 10.0.40219.1
Project("{FAE04EC0-301F-11D3-BF4B-00C04F79EFBC}") = "wsCompras_Hgo", "wsCompras_Hgo.csproj", "{A6E25354-F461-4B9F-98EE-89263E09AB42}"
EndProject
Project("{2150E333-8FDC-42A3-9474-1A3956D46DE8}") = "Solution Items", "Solution Items", "{6F343979-203A-40D6-8AB5-4F359E258B41}"
	ProjectSection(SolutionItems) = preProject
		.editorconfig = .editorconfig
	EndProjectSection
EndProject
Global
	GlobalSection(SolutionConfigurationPlatforms) = preSolution
		Debug|Any CPU = Debug|Any CPU
		Release|Any CPU = Release|Any CPU
	EndGlobalSection
	GlobalSection(ProjectConfigurationPlatforms) = postSolution
		{A6E25354-F461-4B9F-98EE-89263E09AB42}.Debug|Any CPU.ActiveCfg = Debug|Any CPU
		{A6E25354-F461-4B9F-98EE-89263E09AB42}.Debug|Any CPU.Build.0 = Debug|Any CPU
		{A6E25354-F461-4B9F-98EE-89263E09AB42}.Release|Any CPU.ActiveCfg = Release|Any CPU
		{A6E25354-F461-4B9F-98EE-89263E09AB42}.Release|Any CPU.Build.0 = Release|Any CPU
	EndGlobalSection
	GlobalSection(SolutionProperties) = preSolution
		HideSolutionNode = FALSE
	EndGlobalSection
	GlobalSection(ExtensibilityGlobals) = postSolution
		SolutionGuid = {D822CE3E-482C-4DA8-B910-AA44420FB2E6}
	EndGlobalSection
EndGlobal
